{
  "originHash" : "6eb46a045a1d6188596be8700209c40e87a25523587f34f8e42be5cf99662ade",
  "pins" : [
    {
      "identity" : "hypeui",
      "kind" : "remoteSourceControl",
      "location" : "https://github.com/hyperconnect/HypeUI",
      "state" : {
        "revision" : "f485ca4ffd96df345c5ecf6864d0ca8a172dea00",
        "version" : "0.3.0"
      }
    },
    {
      "identity" : "rxswift",
      "kind" : "remoteSourceControl",
      "location" : "https://github.com/ReactiveX/RxSwift.git",
      "state" : {
        "revision" : "5dd1907d64f0d36f158f61a466bab75067224893",
        "version" : "6.9.0"
      }
    },
    {
      "identity" : "snapkit",
      "kind" : "remoteSourceControl",
      "location" : "https://github.com/SnapKit/SnapKit.git",
      "state" : {
        "revision" : "2842e6e84e82eb9a8dac0100ca90d9444b0307f4",
        "version" : "5.7.1"
      }
    }
  ],
  "version" : 3
}
